
Microsoft Visual Studio Solution File, Format Version 12.00
# Visual Studio Version 17
VisualStudioVersion = 17.4.33213.308
MinimumVisualStudioVersion = 10.0.40219.1
Project("{FAE04EC0-301F-11D3-BF4B-00C04F79EFBC}") = "QRCODE_BARCODE_GENERATOR", "QRCODE_BARCODE_GENERATOR\QRCODE_BARCODE_GENERATOR.csproj", "{160AFD66-094E-4B9E-81D3-BD18B93898D0}"
EndProject
Global
	GlobalSection(SolutionConfigurationPlatforms) = preSolution
		Debug|Any CPU = Debug|Any CPU
		Release|Any CPU = Release|Any CPU
	EndGlobalSection
	GlobalSection(ProjectConfigurationPlatforms) = postSolution
		{160AFD66-094E-4B9E-81D3-BD18B93898D0}.Debug|Any CPU.ActiveCfg = Debug|Any CPU
		{160AFD66-094E-4B9E-81D3-BD18B93898D0}.Debug|Any CPU.Build.0 = Debug|Any CPU
		{160AFD66-094E-4B9E-81D3-BD18B93898D0}.Release|Any CPU.ActiveCfg = Release|Any CPU
		{160AFD66-094E-4B9E-81D3-BD18B93898D0}.Release|Any CPU.Build.0 = Release|Any CPU
	EndGlobalSection
	GlobalSection(SolutionProperties) = preSolution
		HideSolutionNode = FALSE
	EndGlobalSection
	GlobalSection(ExtensibilityGlobals) = postSolution
		SolutionGuid = {A2CC4309-B8B5-4399-9D2D-834133F85B67}
	EndGlobalSection
EndGlobal
